
Microsoft Visual Studio Solution File, Format Version 12.00
# Visual Studio Version 17
VisualStudioVersion = 17.7.34221.43
MinimumVisualStudioVersion = 10.0.40219.1
Project("{FAE04EC0-301F-11D3-BF4B-00C04F79EFBC}") = "Project_CS", "Project_CS\Project_CS.csproj", "{BBAF23B8-C461-40BD-9762-A062B29A860C}"
EndProject
Global
	GlobalSection(SolutionConfigurationPlatforms) = preSolution
		Debug|Any CPU = Debug|Any CPU
		Release|Any CPU = Release|Any CPU
	EndGlobalSection
	GlobalSection(ProjectConfigurationPlatforms) = postSolution
		{BBAF23B8-C461-40BD-9762-A062B29A860C}.Debug|Any CPU.ActiveCfg = Debug|Any CPU
		{BBAF23B8-C461-40BD-9762-A062B29A860C}.Debug|Any CPU.Build.0 = Debug|Any CPU
		{BBAF23B8-C461-40BD-9762-A062B29A860C}.Release|Any CPU.ActiveCfg = Release|Any CPU
		{BBAF23B8-C461-40BD-9762-A062B29A860C}.Release|Any CPU.Build.0 = Release|Any CPU
	EndGlobalSection
	GlobalSection(SolutionProperties) = preSolution
		HideSolutionNode = FALSE
	EndGlobalSection
	GlobalSection(ExtensibilityGlobals) = postSolution
		SolutionGuid = {2D23B303-A20F-4EE6-8628-C771319149D3}
	EndGlobalSection
EndGlobal
